
Microsoft Visual Studio Solution File, Format Version 12.00
# Visual Studio 2013
VisualStudioVersion = 12.0.31101.0
MinimumVisualStudioVersion = 10.0.40219.1
Project("{FAE04EC0-301F-11D3-BF4B-00C04F79EFBC}") = "Pixini", "Pixini\Pixini.csproj", "{A695381F-57B7-40FA-AFAC-ADD5D6A194D3}"
EndProject
Project("{FAE04EC0-301F-11D3-BF4B-00C04F79EFBC}") = "PixiniExample", "PixiniTest\PixiniExample.csproj", "{66C6A3FF-415B-4BEE-9093-66B6692666DA}"
EndProject
Project("{FAE04EC0-301F-11D3-BF4B-00C04F79EFBC}") = "PixiniUnitTest", "PixiniUnitTest\PixiniUnitTest.csproj", "{575DD446-D63C-4F86-809C-31F7EB308C49}"
EndProject
Global
	GlobalSection(SolutionConfigurationPlatforms) = preSolution
		Debug|Any CPU = Debug|Any CPU
		Debug|ARM = Debug|ARM
		Debug|x64 = Debug|x64
		Debug|x86 = Debug|x86
		Release|Any CPU = Release|Any CPU
		Release|ARM = Release|ARM
		Release|x64 = Release|x64
		Release|x86 = Release|x86
	EndGlobalSection
	GlobalSection(ProjectConfigurationPlatforms) = postSolution
		{A695381F-57B7-40FA-AFAC-ADD5D6A194D3}.Debug|Any CPU.ActiveCfg = Debug|Any CPU
		{A695381F-57B7-40FA-AFAC-ADD5D6A194D3}.Debug|Any CPU.Build.0 = Debug|Any CPU
		{A695381F-57B7-40FA-AFAC-ADD5D6A194D3}.Debug|ARM.ActiveCfg = Debug|Any CPU
		{A695381F-57B7-40FA-AFAC-ADD5D6A194D3}.Debug|x64.ActiveCfg = Debug|Any CPU
		{A695381F-57B7-40FA-AFAC-ADD5D6A194D3}.Debug|x86.ActiveCfg = Debug|Any CPU
		{A695381F-57B7-40FA-AFAC-ADD5D6A194D3}.Release|Any CPU.ActiveCfg = Release|Any CPU
		{A695381F-57B7-40FA-AFAC-ADD5D6A194D3}.Release|Any CPU.Build.0 = Release|Any CPU
		{A695381F-57B7-40FA-AFAC-ADD5D6A194D3}.Release|ARM.ActiveCfg = Release|Any CPU
		{A695381F-57B7-40FA-AFAC-ADD5D6A194D3}.Release|x64.ActiveCfg = Release|Any CPU
		{A695381F-57B7-40FA-AFAC-ADD5D6A194D3}.Release|x86.ActiveCfg = Release|Any CPU
		{66C6A3FF-415B-4BEE-9093-66B6692666DA}.Debug|Any CPU.ActiveCfg = Debug|Any CPU
		{66C6A3FF-415B-4BEE-9093-66B6692666DA}.Debug|Any CPU.Build.0 = Debug|Any CPU
		{66C6A3FF-415B-4BEE-9093-66B6692666DA}.Debug|ARM.ActiveCfg = Debug|Any CPU
		{66C6A3FF-415B-4BEE-9093-66B6692666DA}.Debug|x64.ActiveCfg = Debug|Any CPU
		{66C6A3FF-415B-4BEE-9093-66B6692666DA}.Debug|x86.ActiveCfg = Debug|Any CPU
		{66C6A3FF-415B-4BEE-9093-66B6692666DA}.Release|Any CPU.ActiveCfg = Release|Any CPU
		{66C6A3FF-415B-4BEE-9093-66B6692666DA}.Release|Any CPU.Build.0 = Release|Any CPU
		{66C6A3FF-415B-4BEE-9093-66B6692666DA}.Release|ARM.ActiveCfg = Release|Any CPU
		{66C6A3FF-415B-4BEE-9093-66B6692666DA}.Release|x64.ActiveCfg = Release|Any CPU
		{66C6A3FF-415B-4BEE-9093-66B6692666DA}.Release|x86.ActiveCfg = Release|Any CPU
		{575DD446-D63C-4F86-809C-31F7EB308C49}.Debug|Any CPU.ActiveCfg = Debug|Any CPU
		{575DD446-D63C-4F86-809C-31F7EB308C49}.Debug|Any CPU.Build.0 = Debug|Any CPU
		{575DD446-D63C-4F86-809C-31F7EB308C49}.Debug|ARM.ActiveCfg = Debug|Any CPU
		{575DD446-D63C-4F86-809C-31F7EB308C49}.Debug|x64.ActiveCfg = Debug|Any CPU
		{575DD446-D63C-4F86-809C-31F7EB308C49}.Debug|x86.ActiveCfg = Debug|Any CPU
		{575DD446-D63C-4F86-809C-31F7EB308C49}.Release|Any CPU.ActiveCfg = Release|Any CPU
		{575DD446-D63C-4F86-809C-31F7EB308C49}.Release|Any CPU.Build.0 = Release|Any CPU
		{575DD446-D63C-4F86-809C-31F7EB308C49}.Release|ARM.ActiveCfg = Release|Any CPU
		{575DD446-D63C-4F86-809C-31F7EB308C49}.Release|x64.ActiveCfg = Release|Any CPU
		{575DD446-D63C-4F86-809C-31F7EB308C49}.Release|x86.ActiveCfg = Release|Any CPU
	EndGlobalSection
	GlobalSection(SolutionProperties) = preSolution
		HideSolutionNode = FALSE
	EndGlobalSection
EndGlobal
